
Microsoft Visual Studio Solution File, Format Version 12.00
# Visual Studio Version 16
VisualStudioVersion = 16.0.33529.622
MinimumVisualStudioVersion = 10.0.40219.1
Project("{FAE04EC0-301F-11D3-BF4B-00C04F79EFBC}") = "Exercicio3", "Exercicio3\Exercicio3.csproj", "{592310D8-ECFA-40AF-8FEB-925B74FA4296}"
EndProject
Global
	GlobalSection(SolutionConfigurationPlatforms) = preSolution
		Debug|Any CPU = Debug|Any CPU
		Release|Any CPU = Release|Any CPU
	EndGlobalSection
	GlobalSection(ProjectConfigurationPlatforms) = postSolution
		{592310D8-ECFA-40AF-8FEB-925B74FA4296}.Debug|Any CPU.ActiveCfg = Debug|Any CPU
		{592310D8-ECFA-40AF-8FEB-925B74FA4296}.Debug|Any CPU.Build.0 = Debug|Any CPU
		{592310D8-ECFA-40AF-8FEB-925B74FA4296}.Release|Any CPU.ActiveCfg = Release|Any CPU
		{592310D8-ECFA-40AF-8FEB-925B74FA4296}.Release|Any CPU.Build.0 = Release|Any CPU
	EndGlobalSection
	GlobalSection(SolutionProperties) = preSolution
		HideSolutionNode = FALSE
	EndGlobalSection
	GlobalSection(ExtensibilityGlobals) = postSolution
		SolutionGuid = {D9F4CE37-1199-4A42-BFEC-3D5D0F906F82}
	EndGlobalSection
EndGlobal
