
Microsoft Visual Studio Solution File, Format Version 12.00
# Visual Studio Version 16
VisualStudioVersion = 16.0.33529.622
MinimumVisualStudioVersion = 10.0.40219.1
Project("{FAE04EC0-301F-11D3-BF4B-00C04F79EFBC}") = "SwitchCase", "SwitchCase\SwitchCase.csproj", "{AD1A458A-658A-45E2-B535-EA4213B56BD0}"
EndProject
Global
	GlobalSection(SolutionConfigurationPlatforms) = preSolution
		Debug|Any CPU = Debug|Any CPU
		Release|Any CPU = Release|Any CPU
	EndGlobalSection
	GlobalSection(ProjectConfigurationPlatforms) = postSolution
		{AD1A458A-658A-45E2-B535-EA4213B56BD0}.Debug|Any CPU.ActiveCfg = Debug|Any CPU
		{AD1A458A-658A-45E2-B535-EA4213B56BD0}.Debug|Any CPU.Build.0 = Debug|Any CPU
		{AD1A458A-658A-45E2-B535-EA4213B56BD0}.Release|Any CPU.ActiveCfg = Release|Any CPU
		{AD1A458A-658A-45E2-B535-EA4213B56BD0}.Release|Any CPU.Build.0 = Release|Any CPU
	EndGlobalSection
	GlobalSection(SolutionProperties) = preSolution
		HideSolutionNode = FALSE
	EndGlobalSection
	GlobalSection(ExtensibilityGlobals) = postSolution
		SolutionGuid = {223C9936-07AC-4E5A-9380-2FDC02B85CBF}
	EndGlobalSection
EndGlobal
