
Microsoft Visual Studio Solution File, Format Version 12.00
# Visual Studio Version 16
VisualStudioVersion = 16.0.33529.622
MinimumVisualStudioVersion = 10.0.40219.1
Project("{FAE04EC0-301F-11D3-BF4B-00C04F79EFBC}") = "Exercicio4", "Exercicio4\Exercicio4.csproj", "{36D7CBF5-0A08-4C6F-9CC9-98B80ADA94B7}"
EndProject
Global
	GlobalSection(SolutionConfigurationPlatforms) = preSolution
		Debug|Any CPU = Debug|Any CPU
		Release|Any CPU = Release|Any CPU
	EndGlobalSection
	GlobalSection(ProjectConfigurationPlatforms) = postSolution
		{36D7CBF5-0A08-4C6F-9CC9-98B80ADA94B7}.Debug|Any CPU.ActiveCfg = Debug|Any CPU
		{36D7CBF5-0A08-4C6F-9CC9-98B80ADA94B7}.Debug|Any CPU.Build.0 = Debug|Any CPU
		{36D7CBF5-0A08-4C6F-9CC9-98B80ADA94B7}.Release|Any CPU.ActiveCfg = Release|Any CPU
		{36D7CBF5-0A08-4C6F-9CC9-98B80ADA94B7}.Release|Any CPU.Build.0 = Release|Any CPU
	EndGlobalSection
	GlobalSection(SolutionProperties) = preSolution
		HideSolutionNode = FALSE
	EndGlobalSection
	GlobalSection(ExtensibilityGlobals) = postSolution
		SolutionGuid = {F3ECB625-4035-4F3E-91E4-A9D795FB55C6}
	EndGlobalSection
EndGlobal
