
Microsoft Visual Studio Solution File, Format Version 12.00
# Visual Studio Version 16
VisualStudioVersion = 16.0.33529.622
MinimumVisualStudioVersion = 10.0.40219.1
Project("{FAE04EC0-301F-11D3-BF4B-00C04F79EFBC}") = "WhileNumerosCrescente", "WhileNumerosCrescente\WhileNumerosCrescente.csproj", "{5638EC40-3001-4316-8E24-2ED11EF080DC}"
EndProject
Global
	GlobalSection(SolutionConfigurationPlatforms) = preSolution
		Debug|Any CPU = Debug|Any CPU
		Release|Any CPU = Release|Any CPU
	EndGlobalSection
	GlobalSection(ProjectConfigurationPlatforms) = postSolution
		{5638EC40-3001-4316-8E24-2ED11EF080DC}.Debug|Any CPU.ActiveCfg = Debug|Any CPU
		{5638EC40-3001-4316-8E24-2ED11EF080DC}.Debug|Any CPU.Build.0 = Debug|Any CPU
		{5638EC40-3001-4316-8E24-2ED11EF080DC}.Release|Any CPU.ActiveCfg = Release|Any CPU
		{5638EC40-3001-4316-8E24-2ED11EF080DC}.Release|Any CPU.Build.0 = Release|Any CPU
	EndGlobalSection
	GlobalSection(SolutionProperties) = preSolution
		HideSolutionNode = FALSE
	EndGlobalSection
	GlobalSection(ExtensibilityGlobals) = postSolution
		SolutionGuid = {CFE4BFC6-8017-402F-817C-75FC8087B054}
	EndGlobalSection
EndGlobal
