
Microsoft Visual Studio Solution File, Format Version 12.00
# Visual Studio Version 16
VisualStudioVersion = 16.0.33529.622
MinimumVisualStudioVersion = 10.0.40219.1
Project("{FAE04EC0-301F-11D3-BF4B-00C04F79EFBC}") = "Matrizes", "Matrizes\Matrizes.csproj", "{FC8EF575-B30A-4A5D-8E0E-40C815BF02E5}"
EndProject
Global
	GlobalSection(SolutionConfigurationPlatforms) = preSolution
		Debug|Any CPU = Debug|Any CPU
		Release|Any CPU = Release|Any CPU
	EndGlobalSection
	GlobalSection(ProjectConfigurationPlatforms) = postSolution
		{FC8EF575-B30A-4A5D-8E0E-40C815BF02E5}.Debug|Any CPU.ActiveCfg = Debug|Any CPU
		{FC8EF575-B30A-4A5D-8E0E-40C815BF02E5}.Debug|Any CPU.Build.0 = Debug|Any CPU
		{FC8EF575-B30A-4A5D-8E0E-40C815BF02E5}.Release|Any CPU.ActiveCfg = Release|Any CPU
		{FC8EF575-B30A-4A5D-8E0E-40C815BF02E5}.Release|Any CPU.Build.0 = Release|Any CPU
	EndGlobalSection
	GlobalSection(SolutionProperties) = preSolution
		HideSolutionNode = FALSE
	EndGlobalSection
	GlobalSection(ExtensibilityGlobals) = postSolution
		SolutionGuid = {E268039C-8923-4B28-B24F-224A59DB9AB2}
	EndGlobalSection
EndGlobal
